
Microsoft Visual Studio Solution File, Format Version 12.00
# Visual Studio Version 16
VisualStudioVersion = 16.0.29403.142
MinimumVisualStudioVersion = 10.0.40219.1
Project("{FAE04EC0-301F-11D3-BF4B-00C04F79EFBC}") = "WE05-oef2", "WE05\WE05-oef2.csproj", "{05756211-2D36-4991-8F7D-ABE67682F465}"
EndProject
Project("{FAE04EC0-301F-11D3-BF4B-00C04F79EFBC}") = "WE05-oef3", "WE05-oef3\WE05-oef3.csproj", "{17CB1985-EFC2-4B9F-8C6B-1DC34E314948}"
EndProject
Global
	GlobalSection(SolutionConfigurationPlatforms) = preSolution
		Debug|Any CPU = Debug|Any CPU
		Release|Any CPU = Release|Any CPU
	EndGlobalSection
	GlobalSection(ProjectConfigurationPlatforms) = postSolution
		{05756211-2D36-4991-8F7D-ABE67682F465}.Debug|Any CPU.ActiveCfg = Debug|Any CPU
		{05756211-2D36-4991-8F7D-ABE67682F465}.Debug|Any CPU.Build.0 = Debug|Any CPU
		{05756211-2D36-4991-8F7D-ABE67682F465}.Release|Any CPU.ActiveCfg = Release|Any CPU
		{05756211-2D36-4991-8F7D-ABE67682F465}.Release|Any CPU.Build.0 = Release|Any CPU
		{17CB1985-EFC2-4B9F-8C6B-1DC34E314948}.Debug|Any CPU.ActiveCfg = Debug|Any CPU
		{17CB1985-EFC2-4B9F-8C6B-1DC34E314948}.Debug|Any CPU.Build.0 = Debug|Any CPU
		{17CB1985-EFC2-4B9F-8C6B-1DC34E314948}.Release|Any CPU.ActiveCfg = Release|Any CPU
		{17CB1985-EFC2-4B9F-8C6B-1DC34E314948}.Release|Any CPU.Build.0 = Release|Any CPU
	EndGlobalSection
	GlobalSection(SolutionProperties) = preSolution
		HideSolutionNode = FALSE
	EndGlobalSection
	GlobalSection(ExtensibilityGlobals) = postSolution
		SolutionGuid = {3D070ABA-6A77-475F-9EA3-8A2D1A00E390}
	EndGlobalSection
EndGlobal
